
Microsoft Visual Studio Solution File, Format Version 12.00
# Visual Studio Version 17
VisualStudioVersion = 17.13.35825.156 d17.13
MinimumVisualStudioVersion = 10.0.40219.1
Project("{FAE04EC0-301F-11D3-BF4B-00C04F79EFBC}") = "AnagramSolver", "AnagramSolver\AnagramSolver.csproj", "{7FB2E36A-FA44-48FC-9295-884C628796CA}"
EndProject
Global
	GlobalSection(SolutionConfigurationPlatforms) = preSolution
		Debug|Any CPU = Debug|Any CPU
		Release|Any CPU = Release|Any CPU
	EndGlobalSection
	GlobalSection(ProjectConfigurationPlatforms) = postSolution
		{7FB2E36A-FA44-48FC-9295-884C628796CA}.Debug|Any CPU.ActiveCfg = Debug|Any CPU
		{7FB2E36A-FA44-48FC-9295-884C628796CA}.Debug|Any CPU.Build.0 = Debug|Any CPU
		{7FB2E36A-FA44-48FC-9295-884C628796CA}.Release|Any CPU.ActiveCfg = Release|Any CPU
		{7FB2E36A-FA44-48FC-9295-884C628796CA}.Release|Any CPU.Build.0 = Release|Any CPU
	EndGlobalSection
	GlobalSection(SolutionProperties) = preSolution
		HideSolutionNode = FALSE
	EndGlobalSection
	GlobalSection(ExtensibilityGlobals) = postSolution
		SolutionGuid = {509E6833-93D1-4DB0-83C7-5930B69DA907}
	EndGlobalSection
EndGlobal
